
Microsoft Visual Studio Solution File, Format Version 12.00
# Visual Studio Version 17
VisualStudioVersion = 17.4.33103.184
MinimumVisualStudioVersion = 10.0.40219.1
Project("{9A19103F-16F7-4668-BE54-9A1E7A4F7556}") = "v8", "v8\v8.csproj", "{C6B73316-492E-4D72-8C69-F0D5517283F8}"
EndProject
Project("{FAE04EC0-301F-11D3-BF4B-00C04F79EFBC}") = "v8tests", "v8tests\v8tests.csproj", "{1F65535E-7176-4210-AABB-E0115BCE7DCC}"
EndProject
Global
	GlobalSection(SolutionConfigurationPlatforms) = preSolution
		Debug|Any CPU = Debug|Any CPU
		Release|Any CPU = Release|Any CPU
	EndGlobalSection
	GlobalSection(ProjectConfigurationPlatforms) = postSolution
		{C6B73316-492E-4D72-8C69-F0D5517283F8}.Debug|Any CPU.ActiveCfg = Debug|Any CPU
		{C6B73316-492E-4D72-8C69-F0D5517283F8}.Debug|Any CPU.Build.0 = Debug|Any CPU
		{C6B73316-492E-4D72-8C69-F0D5517283F8}.Release|Any CPU.ActiveCfg = Release|Any CPU
		{C6B73316-492E-4D72-8C69-F0D5517283F8}.Release|Any CPU.Build.0 = Release|Any CPU
		{1F65535E-7176-4210-AABB-E0115BCE7DCC}.Debug|Any CPU.ActiveCfg = Debug|Any CPU
		{1F65535E-7176-4210-AABB-E0115BCE7DCC}.Debug|Any CPU.Build.0 = Debug|Any CPU
		{1F65535E-7176-4210-AABB-E0115BCE7DCC}.Release|Any CPU.ActiveCfg = Release|Any CPU
		{1F65535E-7176-4210-AABB-E0115BCE7DCC}.Release|Any CPU.Build.0 = Release|Any CPU
	EndGlobalSection
	GlobalSection(SolutionProperties) = preSolution
		HideSolutionNode = FALSE
	EndGlobalSection
	GlobalSection(ExtensibilityGlobals) = postSolution
		SolutionGuid = {6FD24BD9-4952-4963-973D-BF5E2F02D133}
	EndGlobalSection
EndGlobal
