
Microsoft Visual Studio Solution File, Format Version 12.00
# Visual Studio Version 17
VisualStudioVersion = 17.2.32526.322
MinimumVisualStudioVersion = 10.0.40219.1
Project("{FAE04EC0-301F-11D3-BF4B-00C04F79EFBC}") = "v9", "v9\v9.csproj", "{7F7DEBE6-A2AE-4951-A456-469AEDD4DC6F}"
EndProject
Global
	GlobalSection(SolutionConfigurationPlatforms) = preSolution
		Debug|Any CPU = Debug|Any CPU
		Release|Any CPU = Release|Any CPU
	EndGlobalSection
	GlobalSection(ProjectConfigurationPlatforms) = postSolution
		{7F7DEBE6-A2AE-4951-A456-469AEDD4DC6F}.Debug|Any CPU.ActiveCfg = Debug|Any CPU
		{7F7DEBE6-A2AE-4951-A456-469AEDD4DC6F}.Debug|Any CPU.Build.0 = Debug|Any CPU
		{7F7DEBE6-A2AE-4951-A456-469AEDD4DC6F}.Release|Any CPU.ActiveCfg = Release|Any CPU
		{7F7DEBE6-A2AE-4951-A456-469AEDD4DC6F}.Release|Any CPU.Build.0 = Release|Any CPU
	EndGlobalSection
	GlobalSection(SolutionProperties) = preSolution
		HideSolutionNode = FALSE
	EndGlobalSection
	GlobalSection(ExtensibilityGlobals) = postSolution
		SolutionGuid = {0666D470-8421-499B-8535-18ACDB330076}
	EndGlobalSection
EndGlobal
