
Microsoft Visual Studio Solution File, Format Version 12.00
# Visual Studio Version 17
VisualStudioVersion = 17.2.32526.322
MinimumVisualStudioVersion = 10.0.40219.1
Project("{FAE04EC0-301F-11D3-BF4B-00C04F79EFBC}") = "testV6", "testV6.csproj", "{32DC126D-5474-4B0F-B615-5986CF548D99}"
EndProject
Global
	GlobalSection(SolutionConfigurationPlatforms) = preSolution
		Debug|Any CPU = Debug|Any CPU
		Release|Any CPU = Release|Any CPU
	EndGlobalSection
	GlobalSection(ProjectConfigurationPlatforms) = postSolution
		{32DC126D-5474-4B0F-B615-5986CF548D99}.Debug|Any CPU.ActiveCfg = Debug|Any CPU
		{32DC126D-5474-4B0F-B615-5986CF548D99}.Debug|Any CPU.Build.0 = Debug|Any CPU
		{32DC126D-5474-4B0F-B615-5986CF548D99}.Release|Any CPU.ActiveCfg = Release|Any CPU
		{32DC126D-5474-4B0F-B615-5986CF548D99}.Release|Any CPU.Build.0 = Release|Any CPU
	EndGlobalSection
	GlobalSection(SolutionProperties) = preSolution
		HideSolutionNode = FALSE
	EndGlobalSection
	GlobalSection(ExtensibilityGlobals) = postSolution
		SolutionGuid = {C1D8B60E-4A9B-49D6-A512-F645C0C9520E}
	EndGlobalSection
EndGlobal
